{
  "name": "tackt-tracker-react",
  "lockfileVersion": 2,
  "requires": true,
  "packages": {
    "": {
      "dependencies": {
        "router-dom": "^2.2.9"
      }
    },
    "node_modules/hydro-js": {
      "version": "1.5.13",
      "resolved": "https://registry.npmjs.org/hydro-js/-/hydro-js-1.5.13.tgz",
      "integrity": "sha512-AO+cLwPLIeE5g9B3vNghrQ+CWsYPpIkedEBKeP6cjV7a/VvtvbvWOnMQvKIJjATKDxILwIsLyNCMPOTr0VNArA=="
    },
    "node_modules/router-dom": {
      "version": "2.2.9",
      "resolved": "https://registry.npmjs.org/router-dom/-/router-dom-2.2.9.tgz",
      "integrity": "sha512-2qksLSiXZe9hbI7qt8k45X8vAyqqTV4YvJkbOe3lA1yNSu6Tp3loTS+qhc/oYCkzBJfXn6zGy0r3/2dlC3eS2A==",
      "dependencies": {
        "hydro-js": "^1.5.3",
        "path-to-regexp": "^6.2.0"
      }
    },
    "node_modules/router-dom/node_modules/path-to-regexp": {
      "version": "6.2.1",
      "resolved": "https://registry.npmjs.org/path-to-regexp/-/path-to-regexp-6.2.1.tgz",
      "integrity": "sha512-JLyh7xT1kizaEvcaXOQwOc2/Yhw6KZOvPf1S8401UyLk86CU79LN3vl7ztXGm/pZ+YjoyAJ4rxmHwbkBXJX+yw=="
    }
  },
  "dependencies": {
    "hydro-js": {
      "version": "1.5.13",
      "resolved": "https://registry.npmjs.org/hydro-js/-/hydro-js-1.5.13.tgz",
      "integrity": "sha512-AO+cLwPLIeE5g9B3vNghrQ+CWsYPpIkedEBKeP6cjV7a/VvtvbvWOnMQvKIJjATKDxILwIsLyNCMPOTr0VNArA=="
    },
    "router-dom": {
      "version": "2.2.9",
      "resolved": "https://registry.npmjs.org/router-dom/-/router-dom-2.2.9.tgz",
      "integrity": "sha512-2qksLSiXZe9hbI7qt8k45X8vAyqqTV4YvJkbOe3lA1yNSu6Tp3loTS+qhc/oYCkzBJfXn6zGy0r3/2dlC3eS2A==",
      "requires": {
        "hydro-js": "^1.5.3",
        "path-to-regexp": "^6.2.0"
      },
      "dependencies": {
        "path-to-regexp": {
          "version": "6.2.1",
          "resolved": "https://registry.npmjs.org/path-to-regexp/-/path-to-regexp-6.2.1.tgz",
          "integrity": "sha512-JLyh7xT1kizaEvcaXOQwOc2/Yhw6KZOvPf1S8401UyLk86CU79LN3vl7ztXGm/pZ+YjoyAJ4rxmHwbkBXJX+yw=="
        }
      }
    }
  }
}
